// !$*UTF8*$!
{
	archiveVersion = 1;
	classes = {
	};
	objectVersion = 51;
	objects = {

/* Begin PBXBuildFile section */
		9E363ACDCD9930FAF4E901FC /* Pods_Racer.framework in Frameworks */ = {isa = PBXBuildFile; fileRef = ACE77B2529843AAC4CE90CA8 /* Pods_Racer.framework */; };
		BF79598E25D59FC1007A0325 /* AppDelegate.swift in Sources */ = {isa = PBXBuildFile; fileRef = BF79598D25D59FC1007A0325 /* AppDelegate.swift */; };
		BF79599025D59FC1007A0325 /* SceneDelegate.swift in Sources */ = {isa = PBXBuildFile; fileRef = BF79598F25D59FC1007A0325 /* SceneDelegate.swift */; };
		BF79599525D59FC1007A0325 /* Main.storyboard in Resources */ = {isa = PBXBuildFile; fileRef = BF79599325D59FC1007A0325 /* Main.storyboard */; };
		BF79599825D59FC1007A0325 /* Racer.xcdatamodeld in Sources */ = {isa = PBXBuildFile; fileRef = BF79599625D59FC1007A0325 /* Racer.xcdatamodeld */; };
		BF79599A25D59FC6007A0325 /* Assets.xcassets in Resources */ = {isa = PBXBuildFile; fileRef = BF79599925D59FC6007A0325 /* Assets.xcassets */; };
		BF79599D25D59FC6007A0325 /* LaunchScreen.storyboard in Resources */ = {isa = PBXBuildFile; fileRef = BF79599B25D59FC6007A0325 /* LaunchScreen.storyboard */; };
		BF7959AD25D5A10D007A0325 /* HomeViewController.swift in Sources */ = {isa = PBXBuildFile; fileRef = BF7959AC25D5A10D007A0325 /* HomeViewController.swift */; };
		BF7959B225D5A125007A0325 /* LinkToPartnerViewController.swift in Sources */ = {isa = PBXBuildFile; fileRef = BF7959B125D5A125007A0325 /* LinkToPartnerViewController.swift */; };
		BF7959B525D5A139007A0325 /* ProfileViewController.swift in Sources */ = {isa = PBXBuildFile; fileRef = BF7959B425D5A139007A0325 /* ProfileViewController.swift */; };
		BF7959BA25D5A150007A0325 /* LoginViewController.swift in Sources */ = {isa = PBXBuildFile; fileRef = BF7959B925D5A150007A0325 /* LoginViewController.swift */; };
		BF7959BE25D5A160007A0325 /* RegisterViewController.swift in Sources */ = {isa = PBXBuildFile; fileRef = BF7959BD25D5A160007A0325 /* RegisterViewController.swift */; };
		BF7959C325D5A1C6007A0325 /* Constants.swift in Sources */ = {isa = PBXBuildFile; fileRef = BF7959C225D5A1C6007A0325 /* Constants.swift */; };
		BF7959C625D5A1D3007A0325 /* Extensions.swift in Sources */ = {isa = PBXBuildFile; fileRef = BF7959C525D5A1D3007A0325 /* Extensions.swift */; };
		BF7959FD25D95C4D007A0325 /* GoogleService-Info.plist in Resources */ = {isa = PBXBuildFile; fileRef = BF7959FC25D95C4D007A0325 /* GoogleService-Info.plist */; };
		BF795A0125D96B05007A0325 /* DatabaseManager.swift in Sources */ = {isa = PBXBuildFile; fileRef = BF795A0025D96B05007A0325 /* DatabaseManager.swift */; };
		BF795AAD25E2CEFE007A0325 /* StorageManager.swift in Sources */ = {isa = PBXBuildFile; fileRef = BF795AAC25E2CEFE007A0325 /* StorageManager.swift */; };
		BF795AB625E58CFC007A0325 /* RaceTypeViewController.swift in Sources */ = {isa = PBXBuildFile; fileRef = BF795AB525E58CFC007A0325 /* RaceTypeViewController.swift */; };
		BF795ABE25E68212007A0325 /* SpeedRaceDetailsViewController.swift in Sources */ = {isa = PBXBuildFile; fileRef = BF795ABD25E68212007A0325 /* SpeedRaceDetailsViewController.swift */; };
		BF795AC425E68B6C007A0325 /* StartGateViewController.swift in Sources */ = {isa = PBXBuildFile; fileRef = BF795AC325E68B6C007A0325 /* StartGateViewController.swift */; };
		BF9EEFCF25F52A52004DB553 /* BarlowSemiCondensed-Light.ttf in Resources */ = {isa = PBXBuildFile; fileRef = BF9EEFCE25F52A52004DB553 /* BarlowSemiCondensed-Light.ttf */; };
		BF9EEFD225F52A5A004DB553 /* BarlowSemiCondensed-Medium.ttf in Resources */ = {isa = PBXBuildFile; fileRef = BF9EEFD125F52A5A004DB553 /* BarlowSemiCondensed-Medium.ttf */; };
		BF9EEFD525F52A75004DB553 /* BarlowSemiCondensed-SemiBold.ttf in Resources */ = {isa = PBXBuildFile; fileRef = BF9EEFD425F52A75004DB553 /* BarlowSemiCondensed-SemiBold.ttf */; };
		BF9EEFDD25F550C3004DB553 /* longBeep.wav in Resources */ = {isa = PBXBuildFile; fileRef = BF9EEFDC25F550C3004DB553 /* longBeep.wav */; };
		BF9EEFE025F550CA004DB553 /* longBeepDeep.wav in Resources */ = {isa = PBXBuildFile; fileRef = BF9EEFDF25F550CA004DB553 /* longBeepDeep.wav */; };
		BF9EEFE325F550E4004DB553 /* shortBeep.wav in Resources */ = {isa = PBXBuildFile; fileRef = BF9EEFE225F550E4004DB553 /* shortBeep.wav */; };
		BFEA049B25F3FA9D0084F98D /* Race.swift in Sources */ = {isa = PBXBuildFile; fileRef = BFEA049A25F3FA9D0084F98D /* Race.swift */; };
		BFEA049E25F403030084F98D /* SecondGateViewController.swift in Sources */ = {isa = PBXBuildFile; fileRef = BFEA049D25F403030084F98D /* SecondGateViewController.swift */; };
		BFEA04A325F433570084F98D /* CustomPickerView.swift in Sources */ = {isa = PBXBuildFile; fileRef = BFEA04A225F433570084F98D /* CustomPickerView.swift */; };
		BFEA04A625F4335E0084F98D /* MyPickerView.swift in Sources */ = {isa = PBXBuildFile; fileRef = BFEA04A525F4335E0084F98D /* MyPickerView.swift */; };
/* End PBXBuildFile section */

/* Begin PBXFileReference section */
		2A773AB8DEF766924B81A6BB /* Pods-Racer.debug.xcconfig */ = {isa = PBXFileReference; includeInIndex = 1; lastKnownFileType = text.xcconfig; name = "Pods-Racer.debug.xcconfig"; path = "Target Support Files/Pods-Racer/Pods-Racer.debug.xcconfig"; sourceTree = "<group>"; };
		5E52008A1252876AA4487678 /* Pods-Racer.release.xcconfig */ = {isa = PBXFileReference; includeInIndex = 1; lastKnownFileType = text.xcconfig; name = "Pods-Racer.release.xcconfig"; path = "Target Support Files/Pods-Racer/Pods-Racer.release.xcconfig"; sourceTree = "<group>"; };
		ACE77B2529843AAC4CE90CA8 /* Pods_Racer.framework */ = {isa = PBXFileReference; explicitFileType = wrapper.framework; includeInIndex = 0; path = Pods_Racer.framework; sourceTree = BUILT_PRODUCTS_DIR; };
		BF79598A25D59FC1007A0325 /* Racer.app */ = {isa = PBXFileReference; explicitFileType = wrapper.application; includeInIndex = 0; path = Racer.app; sourceTree = BUILT_PRODUCTS_DIR; };
		BF79598D25D59FC1007A0325 /* AppDelegate.swift */ = {isa = PBXFileReference; lastKnownFileType = sourcecode.swift; path = AppDelegate.swift; sourceTree = "<group>"; };
		BF79598F25D59FC1007A0325 /* SceneDelegate.swift */ = {isa = PBXFileReference; lastKnownFileType = sourcecode.swift; path = SceneDelegate.swift; sourceTree = "<group>"; };
		BF79599425D59FC1007A0325 /* Base */ = {isa = PBXFileReference; lastKnownFileType = file.storyboard; name = Base; path = Base.lproj/Main.storyboard; sourceTree = "<group>"; };
		BF79599725D59FC1007A0325 /* Racer.xcdatamodel */ = {isa = PBXFileReference; lastKnownFileType = wrapper.xcdatamodel; path = Racer.xcdatamodel; sourceTree = "<group>"; };
		BF79599925D59FC6007A0325 /* Assets.xcassets */ = {isa = PBXFileReference; lastKnownFileType = folder.assetcatalog; path = Assets.xcassets; sourceTree = "<group>"; };
		BF79599C25D59FC6007A0325 /* Base */ = {isa = PBXFileReference; lastKnownFileType = file.storyboard; name = Base; path = Base.lproj/LaunchScreen.storyboard; sourceTree = "<group>"; };
		BF79599E25D59FC6007A0325 /* Info.plist */ = {isa = PBXFileReference; lastKnownFileType = text.plist.xml; path = Info.plist; sourceTree = "<group>"; };
		BF7959AC25D5A10D007A0325 /* HomeViewController.swift */ = {isa = PBXFileReference; lastKnownFileType = sourcecode.swift; path = HomeViewController.swift; sourceTree = "<group>"; };
		BF7959B125D5A125007A0325 /* LinkToPartnerViewController.swift */ = {isa = PBXFileReference; lastKnownFileType = sourcecode.swift; path = LinkToPartnerViewController.swift; sourceTree = "<group>"; };
		BF7959B425D5A139007A0325 /* ProfileViewController.swift */ = {isa = PBXFileReference; lastKnownFileType = sourcecode.swift; path = ProfileViewController.swift; sourceTree = "<group>"; };
		BF7959B925D5A150007A0325 /* LoginViewController.swift */ = {isa = PBXFileReference; lastKnownFileType = sourcecode.swift; path = LoginViewController.swift; sourceTree = "<group>"; };
		BF7959BD25D5A160007A0325 /* RegisterViewController.swift */ = {isa = PBXFileReference; lastKnownFileType = sourcecode.swift; path = RegisterViewController.swift; sourceTree = "<group>"; };
		BF7959C225D5A1C6007A0325 /* Constants.swift */ = {isa = PBXFileReference; lastKnownFileType = sourcecode.swift; path = Constants.swift; sourceTree = "<group>"; };
		BF7959C525D5A1D3007A0325 /* Extensions.swift */ = {isa = PBXFileReference; lastKnownFileType = sourcecode.swift; path = Extensions.swift; sourceTree = "<group>"; };
		BF7959FC25D95C4D007A0325 /* GoogleService-Info.plist */ = {isa = PBXFileReference; fileEncoding = 4; lastKnownFileType = text.plist.xml; path = "GoogleService-Info.plist"; sourceTree = "<group>"; };
		BF795A0025D96B05007A0325 /* DatabaseManager.swift */ = {isa = PBXFileReference; lastKnownFileType = sourcecode.swift; path = DatabaseManager.swift; sourceTree = "<group>"; };
		BF795AAC25E2CEFE007A0325 /* StorageManager.swift */ = {isa = PBXFileReference; lastKnownFileType = sourcecode.swift; path = StorageManager.swift; sourceTree = "<group>"; };
		BF795AB525E58CFC007A0325 /* RaceTypeViewController.swift */ = {isa = PBXFileReference; lastKnownFileType = sourcecode.swift; path = RaceTypeViewController.swift; sourceTree = "<group>"; };
		BF795ABD25E68212007A0325 /* SpeedRaceDetailsViewController.swift */ = {isa = PBXFileReference; lastKnownFileType = sourcecode.swift; path = SpeedRaceDetailsViewController.swift; sourceTree = "<group>"; };
		BF795AC325E68B6C007A0325 /* StartGateViewController.swift */ = {isa = PBXFileReference; lastKnownFileType = sourcecode.swift; path = StartGateViewController.swift; sourceTree = "<group>"; };
		BF9EEFCE25F52A52004DB553 /* BarlowSemiCondensed-Light.ttf */ = {isa = PBXFileReference; lastKnownFileType = file; path = "BarlowSemiCondensed-Light.ttf"; sourceTree = "<group>"; };
		BF9EEFD125F52A5A004DB553 /* BarlowSemiCondensed-Medium.ttf */ = {isa = PBXFileReference; lastKnownFileType = file; path = "BarlowSemiCondensed-Medium.ttf"; sourceTree = "<group>"; };
		BF9EEFD425F52A75004DB553 /* BarlowSemiCondensed-SemiBold.ttf */ = {isa = PBXFileReference; lastKnownFileType = file; path = "BarlowSemiCondensed-SemiBold.ttf"; sourceTree = "<group>"; };
		BF9EEFDC25F550C3004DB553 /* longBeep.wav */ = {isa = PBXFileReference; lastKnownFileType = audio.wav; path = longBeep.wav; sourceTree = "<group>"; };
		BF9EEFDF25F550CA004DB553 /* longBeepDeep.wav */ = {isa = PBXFileReference; lastKnownFileType = audio.wav; path = longBeepDeep.wav; sourceTree = "<group>"; };
		BF9EEFE225F550E4004DB553 /* shortBeep.wav */ = {isa = PBXFileReference; lastKnownFileType = audio.wav; path = shortBeep.wav; sourceTree = "<group>"; };
		BFEA049A25F3FA9D0084F98D /* Race.swift */ = {isa = PBXFileReference; lastKnownFileType = sourcecode.swift; path = Race.swift; sourceTree = "<group>"; };
		BFEA049D25F403030084F98D /* SecondGateViewController.swift */ = {isa = PBXFileReference; lastKnownFileType = sourcecode.swift; path = SecondGateViewController.swift; sourceTree = "<group>"; };
		BFEA04A225F433570084F98D /* CustomPickerView.swift */ = {isa = PBXFileReference; fileEncoding = 4; lastKnownFileType = sourcecode.swift; path = CustomPickerView.swift; sourceTree = "<group>"; };
		BFEA04A525F4335E0084F98D /* MyPickerView.swift */ = {isa = PBXFileReference; fileEncoding = 4; lastKnownFileType = sourcecode.swift; path = MyPickerView.swift; sourceTree = "<group>"; };
/* End PBXFileReference section */

/* Begin PBXFrameworksBuildPhase section */
		BF79598725D59FC1007A0325 /* Frameworks */ = {
			isa = PBXFrameworksBuildPhase;
			buildActionMask = 2147483647;
			files = (
				9E363ACDCD9930FAF4E901FC /* Pods_Racer.framework in Frameworks */,
			);
			runOnlyForDeploymentPostprocessing = 0;
		};
/* End PBXFrameworksBuildPhase section */

/* Begin PBXGroup section */
		1D8A2B395C426659C48A01B4 /* Pods */ = {
			isa = PBXGroup;
			children = (
				2A773AB8DEF766924B81A6BB /* Pods-Racer.debug.xcconfig */,
				5E52008A1252876AA4487678 /* Pods-Racer.release.xcconfig */,
			);
			path = Pods;
			sourceTree = "<group>";
		};
		4E8B55E898130682C5903976 /* Frameworks */ = {
			isa = PBXGroup;
			children = (
				ACE77B2529843AAC4CE90CA8 /* Pods_Racer.framework */,
			);
			name = Frameworks;
			sourceTree = "<group>";
		};
		BF79598125D59FC1007A0325 = {
			isa = PBXGroup;
			children = (
				BF79598C25D59FC1007A0325 /* Racer */,
				BF79598B25D59FC1007A0325 /* Products */,
				1D8A2B395C426659C48A01B4 /* Pods */,
				4E8B55E898130682C5903976 /* Frameworks */,
			);
			sourceTree = "<group>";
		};
		BF79598B25D59FC1007A0325 /* Products */ = {
			isa = PBXGroup;
			children = (
				BF79598A25D59FC1007A0325 /* Racer.app */,
			);
			name = Products;
			sourceTree = "<group>";
		};
		BF79598C25D59FC1007A0325 /* Racer */ = {
			isa = PBXGroup;
			children = (
				BF7959FC25D95C4D007A0325 /* GoogleService-Info.plist */,
				BF7959A825D5A070007A0325 /* Controllers */,
				BF7959A725D5A06A007A0325 /* Views */,
				BF7959A625D5A068007A0325 /* ViewModels */,
				BF7959AA25D5A0BE007A0325 /* Models */,
				BF7959A525D5A063007A0325 /* Resources */,
				BF79599E25D59FC6007A0325 /* Info.plist */,
				BF79599625D59FC1007A0325 /* Racer.xcdatamodeld */,
			);
			path = Racer;
			sourceTree = "<group>";
		};
		BF7959A525D5A063007A0325 /* Resources */ = {
			isa = PBXGroup;
			children = (
				BF9EEFDB25F550B7004DB553 /* Sounds */,
				BF9EEFD725F52AA1004DB553 /* Fonts */,
				BFEA04A825F4336F0084F98D /* CustomPicker */,
				BF79598D25D59FC1007A0325 /* AppDelegate.swift */,
				BF79598F25D59FC1007A0325 /* SceneDelegate.swift */,
				BF7959C225D5A1C6007A0325 /* Constants.swift */,
				BF7959C525D5A1D3007A0325 /* Extensions.swift */,
				BF795A0025D96B05007A0325 /* DatabaseManager.swift */,
				BF795AAC25E2CEFE007A0325 /* StorageManager.swift */,
				BFEA049A25F3FA9D0084F98D /* Race.swift */,
			);
			path = Resources;
			sourceTree = "<group>";
		};
		BF7959A625D5A068007A0325 /* ViewModels */ = {
			isa = PBXGroup;
			children = (
			);
			path = ViewModels;
			sourceTree = "<group>";
		};
		BF7959A725D5A06A007A0325 /* Views */ = {
			isa = PBXGroup;
			children = (
				BF79599925D59FC6007A0325 /* Assets.xcassets */,
				BF7959C025D5A17F007A0325 /* Storyboards */,
			);
			path = Views;
			sourceTree = "<group>";
		};
		BF7959A825D5A070007A0325 /* Controllers */ = {
			isa = PBXGroup;
			children = (
				BF7959AC25D5A10D007A0325 /* HomeViewController.swift */,
				BF7959B425D5A139007A0325 /* ProfileViewController.swift */,
				BF7959B125D5A125007A0325 /* LinkToPartnerViewController.swift */,
				BF795AB525E58CFC007A0325 /* RaceTypeViewController.swift */,
				BF795ABD25E68212007A0325 /* SpeedRaceDetailsViewController.swift */,
				BF795AC325E68B6C007A0325 /* StartGateViewController.swift */,
				BFEA049D25F403030084F98D /* SecondGateViewController.swift */,
				BF7959AB25D5A0CF007A0325 /* Login&Register */,
			);
			path = Controllers;
			sourceTree = "<group>";
		};
		BF7959AA25D5A0BE007A0325 /* Models */ = {
			isa = PBXGroup;
			children = (
			);
			path = Models;
			sourceTree = "<group>";
		};
		BF7959AB25D5A0CF007A0325 /* Login&Register */ = {
			isa = PBXGroup;
			children = (
				BF7959B925D5A150007A0325 /* LoginViewController.swift */,
				BF7959BD25D5A160007A0325 /* RegisterViewController.swift */,
			);
			path = "Login&Register";
			sourceTree = "<group>";
		};
		BF7959C025D5A17F007A0325 /* Storyboards */ = {
			isa = PBXGroup;
			children = (
				BF79599325D59FC1007A0325 /* Main.storyboard */,
				BF79599B25D59FC6007A0325 /* LaunchScreen.storyboard */,
			);
			path = Storyboards;
			sourceTree = "<group>";
		};
		BF9EEFD725F52AA1004DB553 /* Fonts */ = {
			isa = PBXGroup;
			children = (
				BF9EEFCE25F52A52004DB553 /* BarlowSemiCondensed-Light.ttf */,
				BF9EEFD125F52A5A004DB553 /* BarlowSemiCondensed-Medium.ttf */,
				BF9EEFD425F52A75004DB553 /* BarlowSemiCondensed-SemiBold.ttf */,
			);
			path = Fonts;
			sourceTree = "<group>";
		};
		BF9EEFDB25F550B7004DB553 /* Sounds */ = {
			isa = PBXGroup;
			children = (
				BF9EEFE225F550E4004DB553 /* shortBeep.wav */,
				BF9EEFDC25F550C3004DB553 /* longBeep.wav */,
				BF9EEFDF25F550CA004DB553 /* longBeepDeep.wav */,
			);
			path = Sounds;
			sourceTree = "<group>";
		};
		BFEA04A825F4336F0084F98D /* CustomPicker */ = {
			isa = PBXGroup;
			children = (
				BFEA04A525F4335E0084F98D /* MyPickerView.swift */,
				BFEA04A225F433570084F98D /* CustomPickerView.swift */,
			);
			path = CustomPicker;
			sourceTree = "<group>";
		};
/* End PBXGroup section */

/* Begin PBXNativeTarget section */
		BF79598925D59FC1007A0325 /* Racer */ = {
			isa = PBXNativeTarget;
			buildConfigurationList = BF7959A125D59FC6007A0325 /* Build configuration list for PBXNativeTarget "Racer" */;
			buildPhases = (
				B2D4CC52EA1219FDBC6B4127 /* [CP] Check Pods Manifest.lock */,
				BF79598625D59FC1007A0325 /* Sources */,
				BF79598725D59FC1007A0325 /* Frameworks */,
				BF79598825D59FC1007A0325 /* Resources */,
				6AB9461FC854346D70431B6A /* [CP] Embed Pods Frameworks */,
				00B72298CF55F256962C2B47 /* [CP] Copy Pods Resources */,
			);
			buildRules = (
			);
			dependencies = (
			);
			name = Racer;
			productName = Racer;
			productReference = BF79598A25D59FC1007A0325 /* Racer.app */;
			productType = "com.apple.product-type.application";
		};
/* End PBXNativeTarget section */

/* Begin PBXProject section */
		BF79598225D59FC1007A0325 /* Project object */ = {
			isa = PBXProject;
			attributes = {
				LastSwiftUpdateCheck = 1240;
				LastUpgradeCheck = 1240;
				TargetAttributes = {
					BF79598925D59FC1007A0325 = {
						CreatedOnToolsVersion = 12.4;
					};
				};
			};
			buildConfigurationList = BF79598525D59FC1007A0325 /* Build configuration list for PBXProject "Racer" */;
			compatibilityVersion = "Xcode 9.3";
			developmentRegion = en;
			hasScannedForEncodings = 0;
			knownRegions = (
				en,
				Base,
			);
			mainGroup = BF79598125D59FC1007A0325;
			productRefGroup = BF79598B25D59FC1007A0325 /* Products */;
			projectDirPath = "";
			projectRoot = "";
			targets = (
				BF79598925D59FC1007A0325 /* Racer */,
			);
		};
/* End PBXProject section */

/* Begin PBXResourcesBuildPhase section */
		BF79598825D59FC1007A0325 /* Resources */ = {
			isa = PBXResourcesBuildPhase;
			buildActionMask = 2147483647;
			files = (
				BF9EEFE025F550CA004DB553 /* longBeepDeep.wav in Resources */,
				BF9EEFD525F52A75004DB553 /* BarlowSemiCondensed-SemiBold.ttf in Resources */,
				BF79599D25D59FC6007A0325 /* LaunchScreen.storyboard in Resources */,
				BF9EEFCF25F52A52004DB553 /* BarlowSemiCondensed-Light.ttf in Resources */,
				BF9EEFD225F52A5A004DB553 /* BarlowSemiCondensed-Medium.ttf in Resources */,
				BF9EEFDD25F550C3004DB553 /* longBeep.wav in Resources */,
				BF7959FD25D95C4D007A0325 /* GoogleService-Info.plist in Resources */,
				BF79599A25D59FC6007A0325 /* Assets.xcassets in Resources */,
				BF79599525D59FC1007A0325 /* Main.storyboard in Resources */,
				BF9EEFE325F550E4004DB553 /* shortBeep.wav in Resources */,
			);
			runOnlyForDeploymentPostprocessing = 0;
		};
/* End PBXResourcesBuildPhase section */

/* Begin PBXShellScriptBuildPhase section */
		00B72298CF55F256962C2B47 /* [CP] Copy Pods Resources */ = {
			isa = PBXShellScriptBuildPhase;
			buildActionMask = 2147483647;
			files = (
			);
			inputFileListPaths = (
				"${PODS_ROOT}/Target Support Files/Pods-Racer/Pods-Racer-resources-${CONFIGURATION}-input-files.xcfilelist",
			);
			name = "[CP] Copy Pods Resources";
			outputFileListPaths = (
				"${PODS_ROOT}/Target Support Files/Pods-Racer/Pods-Racer-resources-${CONFIGURATION}-output-files.xcfilelist",
			);
			runOnlyForDeploymentPostprocessing = 0;
			shellPath = /bin/sh;
			shellScript = "\"${PODS_ROOT}/Target Support Files/Pods-Racer/Pods-Racer-resources.sh\"\n";
			showEnvVarsInLog = 0;
		};
		6AB9461FC854346D70431B6A /* [CP] Embed Pods Frameworks */ = {
			isa = PBXShellScriptBuildPhase;
			buildActionMask = 2147483647;
			files = (
			);
			inputFileListPaths = (
				"${PODS_ROOT}/Target Support Files/Pods-Racer/Pods-Racer-frameworks-${CONFIGURATION}-input-files.xcfilelist",
			);
			name = "[CP] Embed Pods Frameworks";
			outputFileListPaths = (
				"${PODS_ROOT}/Target Support Files/Pods-Racer/Pods-Racer-frameworks-${CONFIGURATION}-output-files.xcfilelist",
			);
			runOnlyForDeploymentPostprocessing = 0;
			shellPath = /bin/sh;
			shellScript = "\"${PODS_ROOT}/Target Support Files/Pods-Racer/Pods-Racer-frameworks.sh\"\n";
			showEnvVarsInLog = 0;
		};
		B2D4CC52EA1219FDBC6B4127 /* [CP] Check Pods Manifest.lock */ = {
			isa = PBXShellScriptBuildPhase;
			buildActionMask = 2147483647;
			files = (
			);
			inputFileListPaths = (
			);
			inputPaths = (
				"${PODS_PODFILE_DIR_PATH}/Podfile.lock",
				"${PODS_ROOT}/Manifest.lock",
			);
			name = "[CP] Check Pods Manifest.lock";
			outputFileListPaths = (
			);
			outputPaths = (
				"$(DERIVED_FILE_DIR)/Pods-Racer-checkManifestLockResult.txt",
			);
			runOnlyForDeploymentPostprocessing = 0;
			shellPath = /bin/sh;
			shellScript = "diff \"${PODS_PODFILE_DIR_PATH}/Podfile.lock\" \"${PODS_ROOT}/Manifest.lock\" > /dev/null\nif [ $? != 0 ] ; then\n    # print error to STDERR\n    echo \"error: The sandbox is not in sync with the Podfile.lock. Run 'pod install' or update your CocoaPods installation.\" >&2\n    exit 1\nfi\n# This output is used by Xcode 'outputs' to avoid re-running this script phase.\necho \"SUCCESS\" > \"${SCRIPT_OUTPUT_FILE_0}\"\n";
			showEnvVarsInLog = 0;
		};
/* End PBXShellScriptBuildPhase section */

/* Begin PBXSourcesBuildPhase section */
		BF79598625D59FC1007A0325 /* Sources */ = {
			isa = PBXSourcesBuildPhase;
			buildActionMask = 2147483647;
			files = (
				BFEA049B25F3FA9D0084F98D /* Race.swift in Sources */,
				BF7959BE25D5A160007A0325 /* RegisterViewController.swift in Sources */,
				BF795A0125D96B05007A0325 /* DatabaseManager.swift in Sources */,
				BF7959B225D5A125007A0325 /* LinkToPartnerViewController.swift in Sources */,
				BF795AAD25E2CEFE007A0325 /* StorageManager.swift in Sources */,
				BF7959AD25D5A10D007A0325 /* HomeViewController.swift in Sources */,
				BF79598E25D59FC1007A0325 /* AppDelegate.swift in Sources */,
				BF7959BA25D5A150007A0325 /* LoginViewController.swift in Sources */,
				BF7959C625D5A1D3007A0325 /* Extensions.swift in Sources */,
				BF7959B525D5A139007A0325 /* ProfileViewController.swift in Sources */,
				BF79599025D59FC1007A0325 /* SceneDelegate.swift in Sources */,
				BF795ABE25E68212007A0325 /* SpeedRaceDetailsViewController.swift in Sources */,
				BFEA04A625F4335E0084F98D /* MyPickerView.swift in Sources */,
				BF795AB625E58CFC007A0325 /* RaceTypeViewController.swift in Sources */,
				BFEA049E25F403030084F98D /* SecondGateViewController.swift in Sources */,
				BF795AC425E68B6C007A0325 /* StartGateViewController.swift in Sources */,
				BFEA04A325F433570084F98D /* CustomPickerView.swift in Sources */,
				BF79599825D59FC1007A0325 /* Racer.xcdatamodeld in Sources */,
				BF7959C325D5A1C6007A0325 /* Constants.swift in Sources */,
			);
			runOnlyForDeploymentPostprocessing = 0;
		};
/* End PBXSourcesBuildPhase section */

/* Begin PBXVariantGroup section */
		BF79599325D59FC1007A0325 /* Main.storyboard */ = {
			isa = PBXVariantGroup;
			children = (
				BF79599425D59FC1007A0325 /* Base */,
			);
			name = Main.storyboard;
			sourceTree = "<group>";
		};
		BF79599B25D59FC6007A0325 /* LaunchScreen.storyboard */ = {
			isa = PBXVariantGroup;
			children = (
				BF79599C25D59FC6007A0325 /* Base */,
			);
			name = LaunchScreen.storyboard;
			sourceTree = "<group>";
		};
/* End PBXVariantGroup section */

/* Begin XCBuildConfiguration section */
		BF79599F25D59FC6007A0325 /* Debug */ = {
			isa = XCBuildConfiguration;
			buildSettings = {
				ALWAYS_SEARCH_USER_PATHS = NO;
				CLANG_ANALYZER_NONNULL = YES;
				CLANG_ANALYZER_NUMBER_OBJECT_CONVERSION = YES_AGGRESSIVE;
				CLANG_CXX_LANGUAGE_STANDARD = "gnu++14";
				CLANG_CXX_LIBRARY = "libc++";
				CLANG_ENABLE_MODULES = YES;
				CLANG_ENABLE_OBJC_ARC = YES;
				CLANG_ENABLE_OBJC_WEAK = YES;
				CLANG_WARN_BLOCK_CAPTURE_AUTORELEASING = YES;
				CLANG_WARN_BOOL_CONVERSION = YES;
				CLANG_WARN_COMMA = YES;
				CLANG_WARN_CONSTANT_CONVERSION = YES;
				CLANG_WARN_DEPRECATED_OBJC_IMPLEMENTATIONS = YES;
				CLANG_WARN_DIRECT_OBJC_ISA_USAGE = YES_ERROR;
				CLANG_WARN_DOCUMENTATION_COMMENTS = YES;
				CLANG_WARN_EMPTY_BODY = YES;
				CLANG_WARN_ENUM_CONVERSION = YES;
				CLANG_WARN_INFINITE_RECURSION = YES;
				CLANG_WARN_INT_CONVERSION = YES;
				CLANG_WARN_NON_LITERAL_NULL_CONVERSION = YES;
				CLANG_WARN_OBJC_IMPLICIT_RETAIN_SELF = YES;
				CLANG_WARN_OBJC_LITERAL_CONVERSION = YES;
				CLANG_WARN_OBJC_ROOT_CLASS = YES_ERROR;
				CLANG_WARN_QUOTED_INCLUDE_IN_FRAMEWORK_HEADER = YES;
				CLANG_WARN_RANGE_LOOP_ANALYSIS = YES;
				CLANG_WARN_STRICT_PROTOTYPES = YES;
				CLANG_WARN_SUSPICIOUS_MOVE = YES;
				CLANG_WARN_UNGUARDED_AVAILABILITY = YES_AGGRESSIVE;
				CLANG_WARN_UNREACHABLE_CODE = YES;
				CLANG_WARN__DUPLICATE_METHOD_MATCH = YES;
				COPY_PHASE_STRIP = NO;
				DEBUG_INFORMATION_FORMAT = dwarf;
				ENABLE_STRICT_OBJC_MSGSEND = YES;
				ENABLE_TESTABILITY = YES;
				GCC_C_LANGUAGE_STANDARD = gnu11;
				GCC_DYNAMIC_NO_PIC = NO;
				GCC_NO_COMMON_BLOCKS = YES;
				GCC_OPTIMIZATION_LEVEL = 0;
				GCC_PREPROCESSOR_DEFINITIONS = (
					"DEBUG=1",
					"$(inherited)",
				);
				GCC_WARN_64_TO_32_BIT_CONVERSION = YES;
				GCC_WARN_ABOUT_RETURN_TYPE = YES_ERROR;
				GCC_WARN_UNDECLARED_SELECTOR = YES;
				GCC_WARN_UNINITIALIZED_AUTOS = YES_AGGRESSIVE;
				GCC_WARN_UNUSED_FUNCTION = YES;
				GCC_WARN_UNUSED_VARIABLE = YES;
				IPHONEOS_DEPLOYMENT_TARGET = 14.4;
				MTL_ENABLE_DEBUG_INFO = INCLUDE_SOURCE;
				MTL_FAST_MATH = YES;
				ONLY_ACTIVE_ARCH = YES;
				SDKROOT = iphoneos;
				SWIFT_ACTIVE_COMPILATION_CONDITIONS = DEBUG;
				SWIFT_OPTIMIZATION_LEVEL = "-Onone";
			};
			name = Debug;
		};
		BF7959A025D59FC6007A0325 /* Release */ = {
			isa = XCBuildConfiguration;
			buildSettings = {
				ALWAYS_SEARCH_USER_PATHS = NO;
				CLANG_ANALYZER_NONNULL = YES;
				CLANG_ANALYZER_NUMBER_OBJECT_CONVERSION = YES_AGGRESSIVE;
				CLANG_CXX_LANGUAGE_STANDARD = "gnu++14";
				CLANG_CXX_LIBRARY = "libc++";
				CLANG_ENABLE_MODULES = YES;
				CLANG_ENABLE_OBJC_ARC = YES;
				CLANG_ENABLE_OBJC_WEAK = YES;
				CLANG_WARN_BLOCK_CAPTURE_AUTORELEASING = YES;
				CLANG_WARN_BOOL_CONVERSION = YES;
				CLANG_WARN_COMMA = YES;
				CLANG_WARN_CONSTANT_CONVERSION = YES;
				CLANG_WARN_DEPRECATED_OBJC_IMPLEMENTATIONS = YES;
				CLANG_WARN_DIRECT_OBJC_ISA_USAGE = YES_ERROR;
				CLANG_WARN_DOCUMENTATION_COMMENTS = YES;
				CLANG_WARN_EMPTY_BODY = YES;
				CLANG_WARN_ENUM_CONVERSION = YES;
				CLANG_WARN_INFINITE_RECURSION = YES;
				CLANG_WARN_INT_CONVERSION = YES;
				CLANG_WARN_NON_LITERAL_NULL_CONVERSION = YES;
				CLANG_WARN_OBJC_IMPLICIT_RETAIN_SELF = YES;
				CLANG_WARN_OBJC_LITERAL_CONVERSION = YES;
				CLANG_WARN_OBJC_ROOT_CLASS = YES_ERROR;
				CLANG_WARN_QUOTED_INCLUDE_IN_FRAMEWORK_HEADER = YES;
				CLANG_WARN_RANGE_LOOP_ANALYSIS = YES;
				CLANG_WARN_STRICT_PROTOTYPES = YES;
				CLANG_WARN_SUSPICIOUS_MOVE = YES;
				CLANG_WARN_UNGUARDED_AVAILABILITY = YES_AGGRESSIVE;
				CLANG_WARN_UNREACHABLE_CODE = YES;
				CLANG_WARN__DUPLICATE_METHOD_MATCH = YES;
				COPY_PHASE_STRIP = NO;
				DEBUG_INFORMATION_FORMAT = "dwarf-with-dsym";
				ENABLE_NS_ASSERTIONS = NO;
				ENABLE_STRICT_OBJC_MSGSEND = YES;
				GCC_C_LANGUAGE_STANDARD = gnu11;
				GCC_NO_COMMON_BLOCKS = YES;
				GCC_WARN_64_TO_32_BIT_CONVERSION = YES;
				GCC_WARN_ABOUT_RETURN_TYPE = YES_ERROR;
				GCC_WARN_UNDECLARED_SELECTOR = YES;
				GCC_WARN_UNINITIALIZED_AUTOS = YES_AGGRESSIVE;
				GCC_WARN_UNUSED_FUNCTION = YES;
				GCC_WARN_UNUSED_VARIABLE = YES;
				IPHONEOS_DEPLOYMENT_TARGET = 14.4;
				MTL_ENABLE_DEBUG_INFO = NO;
				MTL_FAST_MATH = YES;
				SDKROOT = iphoneos;
				SWIFT_COMPILATION_MODE = wholemodule;
				SWIFT_OPTIMIZATION_LEVEL = "-O";
				VALIDATE_PRODUCT = YES;
			};
			name = Release;
		};
		BF7959A225D59FC6007A0325 /* Debug */ = {
			isa = XCBuildConfiguration;
			baseConfigurationReference = 2A773AB8DEF766924B81A6BB /* Pods-Racer.debug.xcconfig */;
			buildSettings = {
				ASSETCATALOG_COMPILER_APPICON_NAME = AppIcon;
				ASSETCATALOG_COMPILER_GLOBAL_ACCENT_COLOR_NAME = AccentColor;
				CODE_SIGN_STYLE = Automatic;
				DEVELOPMENT_TEAM = TDRH7B9W9S;
				INFOPLIST_FILE = Racer/Info.plist;
				LD_RUNPATH_SEARCH_PATHS = (
					"$(inherited)",
					"@executable_path/Frameworks",
				);
				PRODUCT_BUNDLE_IDENTIFIER = com.ingrid.Racer;
				PRODUCT_NAME = "$(TARGET_NAME)";
				SWIFT_VERSION = 5.0;
				TARGETED_DEVICE_FAMILY = "1,2";
			};
			name = Debug;
		};
		BF7959A325D59FC6007A0325 /* Release */ = {
			isa = XCBuildConfiguration;
			baseConfigurationReference = 5E52008A1252876AA4487678 /* Pods-Racer.release.xcconfig */;
			buildSettings = {
				ASSETCATALOG_COMPILER_APPICON_NAME = AppIcon;
				ASSETCATALOG_COMPILER_GLOBAL_ACCENT_COLOR_NAME = AccentColor;
				CODE_SIGN_STYLE = Automatic;
				DEVELOPMENT_TEAM = TDRH7B9W9S;
				INFOPLIST_FILE = Racer/Info.plist;
				LD_RUNPATH_SEARCH_PATHS = (
					"$(inherited)",
					"@executable_path/Frameworks",
				);
				PRODUCT_BUNDLE_IDENTIFIER = com.ingrid.Racer;
				PRODUCT_NAME = "$(TARGET_NAME)";
				SWIFT_VERSION = 5.0;
				TARGETED_DEVICE_FAMILY = "1,2";
			};
			name = Release;
		};
/* End XCBuildConfiguration section */

/* Begin XCConfigurationList section */
		BF79598525D59FC1007A0325 /* Build configuration list for PBXProject "Racer" */ = {
			isa = XCConfigurationList;
			buildConfigurations = (
				BF79599F25D59FC6007A0325 /* Debug */,
				BF7959A025D59FC6007A0325 /* Release */,
			);
			defaultConfigurationIsVisible = 0;
			defaultConfigurationName = Release;
		};
		BF7959A125D59FC6007A0325 /* Build configuration list for PBXNativeTarget "Racer" */ = {
			isa = XCConfigurationList;
			buildConfigurations = (
				BF7959A225D59FC6007A0325 /* Debug */,
				BF7959A325D59FC6007A0325 /* Release */,
			);
			defaultConfigurationIsVisible = 0;
			defaultConfigurationName = Release;
		};
/* End XCConfigurationList section */

/* Begin XCVersionGroup section */
		BF79599625D59FC1007A0325 /* Racer.xcdatamodeld */ = {
			isa = XCVersionGroup;
			children = (
				BF79599725D59FC1007A0325 /* Racer.xcdatamodel */,
			);
			currentVersion = BF79599725D59FC1007A0325 /* Racer.xcdatamodel */;
			path = Racer.xcdatamodeld;
			sourceTree = "<group>";
			versionGroupType = wrapper.xcdatamodel;
		};
/* End XCVersionGroup section */
	};
	rootObject = BF79598225D59FC1007A0325 /* Project object */;
}
